
Microsoft Visual Studio Solution File, Format Version 12.00
# Visual Studio Version 17
VisualStudioVersion = 17.4.33213.308
MinimumVisualStudioVersion = 10.0.40219.1
Project("{FAE04EC0-301F-11D3-BF4B-00C04F79EFBC}") = "Auditorias Conector", "Auditorias Conector\Auditorias Conector.csproj", "{8D296677-03A3-44B2-8F49-BBDFE232C7C3}"
EndProject
Global
	GlobalSection(SolutionConfigurationPlatforms) = preSolution
		Debug|Any CPU = Debug|Any CPU
		Release|Any CPU = Release|Any CPU
	EndGlobalSection
	GlobalSection(ProjectConfigurationPlatforms) = postSolution
		{8D296677-03A3-44B2-8F49-BBDFE232C7C3}.Debug|Any CPU.ActiveCfg = Debug|Any CPU
		{8D296677-03A3-44B2-8F49-BBDFE232C7C3}.Debug|Any CPU.Build.0 = Debug|Any CPU
		{8D296677-03A3-44B2-8F49-BBDFE232C7C3}.Release|Any CPU.ActiveCfg = Release|Any CPU
		{8D296677-03A3-44B2-8F49-BBDFE232C7C3}.Release|Any CPU.Build.0 = Release|Any CPU
	EndGlobalSection
	GlobalSection(SolutionProperties) = preSolution
		HideSolutionNode = FALSE
	EndGlobalSection
	GlobalSection(ExtensibilityGlobals) = postSolution
		SolutionGuid = {DE16C05E-FF77-40B8-891E-2AFC07C9C007}
	EndGlobalSection
EndGlobal
